
Microsoft Visual Studio Solution File, Format Version 12.00
# Visual Studio 15
VisualStudioVersion = 15.0.28010.2036
MinimumVisualStudioVersion = 10.0.40219.1
Project("{FAE04EC0-301F-11D3-BF4B-00C04F79EFBC}") = "BTA", "BTA\BTA.csproj", "{BCFBB48C-113A-4F93-A781-7EB0E8E71B64}"
EndProject
Global
	GlobalSection(SolutionConfigurationPlatforms) = preSolution
		Debug|Any CPU = Debug|Any CPU
		Release|Any CPU = Release|Any CPU
	EndGlobalSection
	GlobalSection(ProjectConfigurationPlatforms) = postSolution
		{BCFBB48C-113A-4F93-A781-7EB0E8E71B64}.Debug|Any CPU.ActiveCfg = Debug|Any CPU
		{BCFBB48C-113A-4F93-A781-7EB0E8E71B64}.Debug|Any CPU.Build.0 = Debug|Any CPU
		{BCFBB48C-113A-4F93-A781-7EB0E8E71B64}.Release|Any CPU.ActiveCfg = Release|Any CPU
		{BCFBB48C-113A-4F93-A781-7EB0E8E71B64}.Release|Any CPU.Build.0 = Release|Any CPU
	EndGlobalSection
	GlobalSection(SolutionProperties) = preSolution
		HideSolutionNode = FALSE
	EndGlobalSection
	GlobalSection(ExtensibilityGlobals) = postSolution
		SolutionGuid = {B16E8517-0056-467C-888D-BDB24252832C}
	EndGlobalSection
EndGlobal
